
Microsoft Visual Studio Solution File, Format Version 12.00
# Visual Studio Version 16
VisualStudioVersion = 16.0.29411.108
MinimumVisualStudioVersion = 10.0.40219.1
Project("{FAE04EC0-301F-11D3-BF4B-00C04F79EFBC}") = "ComicHeroes.App", "ComicHeroes.App\ComicHeroes.App.csproj", "{9F93B04C-DBD6-479A-9261-28E1635AE399}"
EndProject
Global
	GlobalSection(SolutionConfigurationPlatforms) = preSolution
		Debug|Any CPU = Debug|Any CPU
		Release|Any CPU = Release|Any CPU
	EndGlobalSection
	GlobalSection(ProjectConfigurationPlatforms) = postSolution
		{9F93B04C-DBD6-479A-9261-28E1635AE399}.Debug|Any CPU.ActiveCfg = Debug|Any CPU
		{9F93B04C-DBD6-479A-9261-28E1635AE399}.Debug|Any CPU.Build.0 = Debug|Any CPU
		{9F93B04C-DBD6-479A-9261-28E1635AE399}.Release|Any CPU.ActiveCfg = Release|Any CPU
		{9F93B04C-DBD6-479A-9261-28E1635AE399}.Release|Any CPU.Build.0 = Release|Any CPU
	EndGlobalSection
	GlobalSection(SolutionProperties) = preSolution
		HideSolutionNode = FALSE
	EndGlobalSection
	GlobalSection(ExtensibilityGlobals) = postSolution
		SolutionGuid = {C1CCF077-CF2B-43D6-980C-7D294F7FD735}
	EndGlobalSection
EndGlobal
